
Microsoft Visual Studio Solution File, Format Version 12.00
# Visual Studio Version 17
VisualStudioVersion = 17.3.32929.385
MinimumVisualStudioVersion = 10.0.40219.1
Project("{FAE04EC0-301F-11D3-BF4B-00C04F79EFBC}") = "Project586", "Project586\Project586.csproj", "{D2D87088-15BB-4E79-8E44-3AAE9488FC94}"
EndProject
Global
	GlobalSection(SolutionConfigurationPlatforms) = preSolution
		Debug|Any CPU = Debug|Any CPU
		Release|Any CPU = Release|Any CPU
	EndGlobalSection
	GlobalSection(ProjectConfigurationPlatforms) = postSolution
		{D2D87088-15BB-4E79-8E44-3AAE9488FC94}.Debug|Any CPU.ActiveCfg = Debug|Any CPU
		{D2D87088-15BB-4E79-8E44-3AAE9488FC94}.Debug|Any CPU.Build.0 = Debug|Any CPU
		{D2D87088-15BB-4E79-8E44-3AAE9488FC94}.Release|Any CPU.ActiveCfg = Release|Any CPU
		{D2D87088-15BB-4E79-8E44-3AAE9488FC94}.Release|Any CPU.Build.0 = Release|Any CPU
	EndGlobalSection
	GlobalSection(SolutionProperties) = preSolution
		HideSolutionNode = FALSE
	EndGlobalSection
	GlobalSection(ExtensibilityGlobals) = postSolution
		SolutionGuid = {A26F5158-98A6-4971-9E29-FE0E3CE60CD3}
	EndGlobalSection
EndGlobal
